{
  "version": 2,
  "packages": {
    "taskman": {
      "version": "0.5.5",
      "vcsRevision": "81ef3911d5343c633afed336bcfa3c7f976edddf",
      "url": "https://github.com/ire4ever1190/taskman",
      "downloadMethod": "git",
      "dependencies": [],
      "checksums": {
        "sha1": "a702c0f07c8a4937deb9ded8f541e98c53a51ccf"
      }
    }
  },
  "tasks": {}
}
