{
  "version": 2,
  "packages": {
    "threading": {
      "version": "0.2.1",
      "vcsRevision": "c5a39a039f24d48ba9503dcb9a0aee68a0fbb36d",
      "url": "https://github.com/nim-lang/threading",
      "downloadMethod": "git",
      "dependencies": [],
      "checksums": {
        "sha1": "6904743cf079e9715f15a1e9e84c8187113ce1f4"
      }
    },
    "jaysonrpc": {
      "version": "0.1.0",
      "vcsRevision": "75fc3ed101f05c5cb03059897c33a43ee1f05e5a",
      "url": "https://github.com/ire4ever1190/jaysonrpc",
      "downloadMethod": "git",
      "dependencies": [
        "threading"
      ],
      "checksums": {
        "sha1": "74f4042cfc362b2140bc7d4d1d8e1e7c50f81516"
      }
    },
    "results": {
      "version": "0.5.1",
      "vcsRevision": "df8113dda4c2d74d460a8fa98252b0b771bf1f27",
      "url": "https://github.com/arnetheduck/nim-results",
      "downloadMethod": "git",
      "dependencies": [],
      "checksums": {
        "sha1": "a9c011f74bc9ed5c91103917b9f382b12e82a9e7"
      }
    },
    "unittest2": {
      "version": "0.2.2",
      "vcsRevision": "e96f3215030cbfa13abc2f5827069b6f8ba87e38",
      "url": "https://github.com/status-im/nim-unittest2",
      "downloadMethod": "git",
      "dependencies": [],
      "checksums": {
        "sha1": "6ac7f7ea74df812a25be5d6d36a59d23789eb508"
      }
    },
    "minilru": {
      "version": "0.1.0",
      "vcsRevision": "c35304151ea39077330f225e3837450990d55e48",
      "url": "https://github.com/status-im/nim-minilru",
      "downloadMethod": "git",
      "dependencies": [
        "results",
        "unittest2"
      ],
      "checksums": {
        "sha1": "9f200310ac8455e07e6d3a9d1b4088677cb63603"
      }
    }
  },
  "tasks": {}
}
